// !$*UTF8*$!
{
	archiveVersion = 1;
	classes = {
	};
	objectVersion = 56;
	objects = {

/* Begin PBXBuildFile section */
		32090AB32A99CB5C00B232BF /* UIImage.swift in Sources */ = {isa = PBXBuildFile; fileRef = 32090AB22A99CB5C00B232BF /* UIImage.swift */; };
		3254BB2F2A99C05F0022E7E0 /* CadaverApp.swift in Sources */ = {isa = PBXBuildFile; fileRef = 3254BB2E2A99C05F0022E7E0 /* CadaverApp.swift */; };
		3254BB312A99C05F0022E7E0 /* ContentView.swift in Sources */ = {isa = PBXBuildFile; fileRef = 3254BB302A99C05F0022E7E0 /* ContentView.swift */; };
		3254BB332A99C0610022E7E0 /* Assets.xcassets in Resources */ = {isa = PBXBuildFile; fileRef = 3254BB322A99C0610022E7E0 /* Assets.xcassets */; };
		3254BB362A99C0610022E7E0 /* Preview Assets.xcassets in Resources */ = {isa = PBXBuildFile; fileRef = 3254BB352A99C0610022E7E0 /* Preview Assets.xcassets */; };
		3254BB3D2A99C1270022E7E0 /* GestureTrackingService.swift in Sources */ = {isa = PBXBuildFile; fileRef = 3254BB3C2A99C1270022E7E0 /* GestureTrackingService.swift */; };
		32A391612A99C1E4007DC786 /* HandClassifier.swift in Sources */ = {isa = PBXBuildFile; fileRef = 32A3915F2A99C1E4007DC786 /* HandClassifier.swift */; };
		32A391622A99C1E4007DC786 /* HandClassifierDelegate.swift in Sources */ = {isa = PBXBuildFile; fileRef = 32A391602A99C1E4007DC786 /* HandClassifierDelegate.swift */; };
		32A3916A2A99C225007DC786 /* Array.swift in Sources */ = {isa = PBXBuildFile; fileRef = 32A391652A99C225007DC786 /* Array.swift */; };
		32A3916B2A99C225007DC786 /* CGPoint.swift in Sources */ = {isa = PBXBuildFile; fileRef = 32A391662A99C225007DC786 /* CGPoint.swift */; };
		32A3916C2A99C225007DC786 /* SCNNode.swift in Sources */ = {isa = PBXBuildFile; fileRef = 32A391672A99C225007DC786 /* SCNNode.swift */; };
		32A3916D2A99C225007DC786 /* SCNVector3.swift in Sources */ = {isa = PBXBuildFile; fileRef = 32A391682A99C225007DC786 /* SCNVector3.swift */; };
		32A391702A99C391007DC786 /* CameraPreview+AVCaptureVideoDataOutputSampleBufferDelegate.swift in Sources */ = {isa = PBXBuildFile; fileRef = 32A3916E2A99C390007DC786 /* CameraPreview+AVCaptureVideoDataOutputSampleBufferDelegate.swift */; };
		32A391712A99C391007DC786 /* CameraPreview.swift in Sources */ = {isa = PBXBuildFile; fileRef = 32A3916F2A99C391007DC786 /* CameraPreview.swift */; };
		32A391732A99C3D3007DC786 /* CameraView.swift in Sources */ = {isa = PBXBuildFile; fileRef = 32A391722A99C3D3007DC786 /* CameraView.swift */; };
/* End PBXBuildFile section */

/* Begin PBXFileReference section */
		32090AB22A99CB5C00B232BF /* UIImage.swift */ = {isa = PBXFileReference; lastKnownFileType = sourcecode.swift; path = UIImage.swift; sourceTree = "<group>"; };
		3254BB2B2A99C05F0022E7E0 /* Cadaver.app */ = {isa = PBXFileReference; explicitFileType = wrapper.application; includeInIndex = 0; path = Cadaver.app; sourceTree = BUILT_PRODUCTS_DIR; };
		3254BB2E2A99C05F0022E7E0 /* CadaverApp.swift */ = {isa = PBXFileReference; lastKnownFileType = sourcecode.swift; path = CadaverApp.swift; sourceTree = "<group>"; };
		3254BB302A99C05F0022E7E0 /* ContentView.swift */ = {isa = PBXFileReference; lastKnownFileType = sourcecode.swift; path = ContentView.swift; sourceTree = "<group>"; };
		3254BB322A99C0610022E7E0 /* Assets.xcassets */ = {isa = PBXFileReference; lastKnownFileType = folder.assetcatalog; path = Assets.xcassets; sourceTree = "<group>"; };
		3254BB352A99C0610022E7E0 /* Preview Assets.xcassets */ = {isa = PBXFileReference; lastKnownFileType = folder.assetcatalog; path = "Preview Assets.xcassets"; sourceTree = "<group>"; };
		3254BB3C2A99C1270022E7E0 /* GestureTrackingService.swift */ = {isa = PBXFileReference; lastKnownFileType = sourcecode.swift; path = GestureTrackingService.swift; sourceTree = "<group>"; };
		32A3915F2A99C1E4007DC786 /* HandClassifier.swift */ = {isa = PBXFileReference; fileEncoding = 4; lastKnownFileType = sourcecode.swift; path = HandClassifier.swift; sourceTree = "<group>"; };
		32A391602A99C1E4007DC786 /* HandClassifierDelegate.swift */ = {isa = PBXFileReference; fileEncoding = 4; lastKnownFileType = sourcecode.swift; path = HandClassifierDelegate.swift; sourceTree = "<group>"; };
		32A391652A99C225007DC786 /* Array.swift */ = {isa = PBXFileReference; fileEncoding = 4; lastKnownFileType = sourcecode.swift; path = Array.swift; sourceTree = "<group>"; };
		32A391662A99C225007DC786 /* CGPoint.swift */ = {isa = PBXFileReference; fileEncoding = 4; lastKnownFileType = sourcecode.swift; path = CGPoint.swift; sourceTree = "<group>"; };
		32A391672A99C225007DC786 /* SCNNode.swift */ = {isa = PBXFileReference; fileEncoding = 4; lastKnownFileType = sourcecode.swift; path = SCNNode.swift; sourceTree = "<group>"; };
		32A391682A99C225007DC786 /* SCNVector3.swift */ = {isa = PBXFileReference; fileEncoding = 4; lastKnownFileType = sourcecode.swift; path = SCNVector3.swift; sourceTree = "<group>"; };
		32A3916E2A99C390007DC786 /* CameraPreview+AVCaptureVideoDataOutputSampleBufferDelegate.swift */ = {isa = PBXFileReference; fileEncoding = 4; lastKnownFileType = sourcecode.swift; path = "CameraPreview+AVCaptureVideoDataOutputSampleBufferDelegate.swift"; sourceTree = "<group>"; };
		32A3916F2A99C391007DC786 /* CameraPreview.swift */ = {isa = PBXFileReference; fileEncoding = 4; lastKnownFileType = sourcecode.swift; path = CameraPreview.swift; sourceTree = "<group>"; };
		32A391722A99C3D3007DC786 /* CameraView.swift */ = {isa = PBXFileReference; fileEncoding = 4; lastKnownFileType = sourcecode.swift; path = CameraView.swift; sourceTree = "<group>"; };
/* End PBXFileReference section */

/* Begin PBXFrameworksBuildPhase section */
		3254BB282A99C05F0022E7E0 /* Frameworks */ = {
			isa = PBXFrameworksBuildPhase;
			buildActionMask = 2147483647;
			files = (
			);
			runOnlyForDeploymentPostprocessing = 0;
		};
/* End PBXFrameworksBuildPhase section */

/* Begin PBXGroup section */
		3254BB222A99C05F0022E7E0 = {
			isa = PBXGroup;
			children = (
				3254BB2D2A99C05F0022E7E0 /* Cadaver */,
				3254BB2C2A99C05F0022E7E0 /* Products */,
			);
			sourceTree = "<group>";
		};
		3254BB2C2A99C05F0022E7E0 /* Products */ = {
			isa = PBXGroup;
			children = (
				3254BB2B2A99C05F0022E7E0 /* Cadaver.app */,
			);
			name = Products;
			sourceTree = "<group>";
		};
		3254BB2D2A99C05F0022E7E0 /* Cadaver */ = {
			isa = PBXGroup;
			children = (
				3254BB2E2A99C05F0022E7E0 /* CadaverApp.swift */,
				3254BB302A99C05F0022E7E0 /* ContentView.swift */,
				32A3916F2A99C391007DC786 /* CameraPreview.swift */,
				32A3916E2A99C390007DC786 /* CameraPreview+AVCaptureVideoDataOutputSampleBufferDelegate.swift */,
				32A391722A99C3D3007DC786 /* CameraView.swift */,
				3254BB3E2A99C12B0022E7E0 /* Gesture Tracking Service */,
				3254BB322A99C0610022E7E0 /* Assets.xcassets */,
				32A391632A99C216007DC786 /* Helper Methods */,
				3254BB342A99C0610022E7E0 /* Preview Content */,
			);
			path = Cadaver;
			sourceTree = "<group>";
		};
		3254BB342A99C0610022E7E0 /* Preview Content */ = {
			isa = PBXGroup;
			children = (
				3254BB352A99C0610022E7E0 /* Preview Assets.xcassets */,
			);
			path = "Preview Content";
			sourceTree = "<group>";
		};
		3254BB3E2A99C12B0022E7E0 /* Gesture Tracking Service */ = {
			isa = PBXGroup;
			children = (
				32A3915F2A99C1E4007DC786 /* HandClassifier.swift */,
				32A391602A99C1E4007DC786 /* HandClassifierDelegate.swift */,
				3254BB3C2A99C1270022E7E0 /* GestureTrackingService.swift */,
			);
			path = "Gesture Tracking Service";
			sourceTree = "<group>";
		};
		32A391632A99C216007DC786 /* Helper Methods */ = {
			isa = PBXGroup;
			children = (
				32A391652A99C225007DC786 /* Array.swift */,
				32090AB22A99CB5C00B232BF /* UIImage.swift */,
				32A391662A99C225007DC786 /* CGPoint.swift */,
				32A391672A99C225007DC786 /* SCNNode.swift */,
				32A391682A99C225007DC786 /* SCNVector3.swift */,
			);
			path = "Helper Methods";
			sourceTree = "<group>";
		};
/* End PBXGroup section */

/* Begin PBXNativeTarget section */
		3254BB2A2A99C05F0022E7E0 /* Cadaver */ = {
			isa = PBXNativeTarget;
			buildConfigurationList = 3254BB392A99C0610022E7E0 /* Build configuration list for PBXNativeTarget "Cadaver" */;
			buildPhases = (
				3254BB272A99C05F0022E7E0 /* Sources */,
				3254BB282A99C05F0022E7E0 /* Frameworks */,
				3254BB292A99C05F0022E7E0 /* Resources */,
			);
			buildRules = (
			);
			dependencies = (
			);
			name = Cadaver;
			productName = Cadaver;
			productReference = 3254BB2B2A99C05F0022E7E0 /* Cadaver.app */;
			productType = "com.apple.product-type.application";
		};
/* End PBXNativeTarget section */

/* Begin PBXProject section */
		3254BB232A99C05F0022E7E0 /* Project object */ = {
			isa = PBXProject;
			attributes = {
				BuildIndependentTargetsInParallel = 1;
				LastSwiftUpdateCheck = 1500;
				LastUpgradeCheck = 1500;
				TargetAttributes = {
					3254BB2A2A99C05F0022E7E0 = {
						CreatedOnToolsVersion = 15.0;
					};
				};
			};
			buildConfigurationList = 3254BB262A99C05F0022E7E0 /* Build configuration list for PBXProject "Cadaver" */;
			compatibilityVersion = "Xcode 14.0";
			developmentRegion = en;
			hasScannedForEncodings = 0;
			knownRegions = (
				en,
				Base,
			);
			mainGroup = 3254BB222A99C05F0022E7E0;
			productRefGroup = 3254BB2C2A99C05F0022E7E0 /* Products */;
			projectDirPath = "";
			projectRoot = "";
			targets = (
				3254BB2A2A99C05F0022E7E0 /* Cadaver */,
			);
		};
/* End PBXProject section */

/* Begin PBXResourcesBuildPhase section */
		3254BB292A99C05F0022E7E0 /* Resources */ = {
			isa = PBXResourcesBuildPhase;
			buildActionMask = 2147483647;
			files = (
				3254BB362A99C0610022E7E0 /* Preview Assets.xcassets in Resources */,
				3254BB332A99C0610022E7E0 /* Assets.xcassets in Resources */,
			);
			runOnlyForDeploymentPostprocessing = 0;
		};
/* End PBXResourcesBuildPhase section */

/* Begin PBXSourcesBuildPhase section */
		3254BB272A99C05F0022E7E0 /* Sources */ = {
			isa = PBXSourcesBuildPhase;
			buildActionMask = 2147483647;
			files = (
				3254BB312A99C05F0022E7E0 /* ContentView.swift in Sources */,
				32A3916D2A99C225007DC786 /* SCNVector3.swift in Sources */,
				32A3916A2A99C225007DC786 /* Array.swift in Sources */,
				32A391732A99C3D3007DC786 /* CameraView.swift in Sources */,
				3254BB2F2A99C05F0022E7E0 /* CadaverApp.swift in Sources */,
				32A3916C2A99C225007DC786 /* SCNNode.swift in Sources */,
				32A3916B2A99C225007DC786 /* CGPoint.swift in Sources */,
				32A391712A99C391007DC786 /* CameraPreview.swift in Sources */,
				32A391702A99C391007DC786 /* CameraPreview+AVCaptureVideoDataOutputSampleBufferDelegate.swift in Sources */,
				3254BB3D2A99C1270022E7E0 /* GestureTrackingService.swift in Sources */,
				32A391622A99C1E4007DC786 /* HandClassifierDelegate.swift in Sources */,
				32090AB32A99CB5C00B232BF /* UIImage.swift in Sources */,
				32A391612A99C1E4007DC786 /* HandClassifier.swift in Sources */,
			);
			runOnlyForDeploymentPostprocessing = 0;
		};
/* End PBXSourcesBuildPhase section */

/* Begin XCBuildConfiguration section */
		3254BB372A99C0610022E7E0 /* Debug */ = {
			isa = XCBuildConfiguration;
			buildSettings = {
				ALWAYS_SEARCH_USER_PATHS = NO;
				ASSETCATALOG_COMPILER_GENERATE_SWIFT_ASSET_SYMBOL_EXTENSIONS = YES;
				CLANG_ANALYZER_NONNULL = YES;
				CLANG_ANALYZER_NUMBER_OBJECT_CONVERSION = YES_AGGRESSIVE;
				CLANG_CXX_LANGUAGE_STANDARD = "gnu++20";
				CLANG_ENABLE_MODULES = YES;
				CLANG_ENABLE_OBJC_ARC = YES;
				CLANG_ENABLE_OBJC_WEAK = YES;
				CLANG_WARN_BLOCK_CAPTURE_AUTORELEASING = YES;
				CLANG_WARN_BOOL_CONVERSION = YES;
				CLANG_WARN_COMMA = YES;
				CLANG_WARN_CONSTANT_CONVERSION = YES;
				CLANG_WARN_DEPRECATED_OBJC_IMPLEMENTATIONS = YES;
				CLANG_WARN_DIRECT_OBJC_ISA_USAGE = YES_ERROR;
				CLANG_WARN_DOCUMENTATION_COMMENTS = YES;
				CLANG_WARN_EMPTY_BODY = YES;
				CLANG_WARN_ENUM_CONVERSION = YES;
				CLANG_WARN_INFINITE_RECURSION = YES;
				CLANG_WARN_INT_CONVERSION = YES;
				CLANG_WARN_NON_LITERAL_NULL_CONVERSION = YES;
				CLANG_WARN_OBJC_IMPLICIT_RETAIN_SELF = YES;
				CLANG_WARN_OBJC_LITERAL_CONVERSION = YES;
				CLANG_WARN_OBJC_ROOT_CLASS = YES_ERROR;
				CLANG_WARN_QUOTED_INCLUDE_IN_FRAMEWORK_HEADER = YES;
				CLANG_WARN_RANGE_LOOP_ANALYSIS = YES;
				CLANG_WARN_STRICT_PROTOTYPES = YES;
				CLANG_WARN_SUSPICIOUS_MOVE = YES;
				CLANG_WARN_UNGUARDED_AVAILABILITY = YES_AGGRESSIVE;
				CLANG_WARN_UNREACHABLE_CODE = YES;
				CLANG_WARN__DUPLICATE_METHOD_MATCH = YES;
				COPY_PHASE_STRIP = NO;
				DEBUG_INFORMATION_FORMAT = dwarf;
				ENABLE_STRICT_OBJC_MSGSEND = YES;
				ENABLE_TESTABILITY = YES;
				ENABLE_USER_SCRIPT_SANDBOXING = YES;
				GCC_C_LANGUAGE_STANDARD = gnu17;
				GCC_DYNAMIC_NO_PIC = NO;
				GCC_NO_COMMON_BLOCKS = YES;
				GCC_OPTIMIZATION_LEVEL = 0;
				GCC_PREPROCESSOR_DEFINITIONS = (
					"DEBUG=1",
					"$(inherited)",
				);
				GCC_WARN_64_TO_32_BIT_CONVERSION = YES;
				GCC_WARN_ABOUT_RETURN_TYPE = YES_ERROR;
				GCC_WARN_UNDECLARED_SELECTOR = YES;
				GCC_WARN_UNINITIALIZED_AUTOS = YES_AGGRESSIVE;
				GCC_WARN_UNUSED_FUNCTION = YES;
				GCC_WARN_UNUSED_VARIABLE = YES;
				IPHONEOS_DEPLOYMENT_TARGET = 17.0;
				LOCALIZATION_PREFERS_STRING_CATALOGS = YES;
				MTL_ENABLE_DEBUG_INFO = INCLUDE_SOURCE;
				MTL_FAST_MATH = YES;
				ONLY_ACTIVE_ARCH = YES;
				SDKROOT = iphoneos;
				SWIFT_ACTIVE_COMPILATION_CONDITIONS = "DEBUG $(inherited)";
				SWIFT_OPTIMIZATION_LEVEL = "-Onone";
			};
			name = Debug;
		};
		3254BB382A99C0610022E7E0 /* Release */ = {
			isa = XCBuildConfiguration;
			buildSettings = {
				ALWAYS_SEARCH_USER_PATHS = NO;
				ASSETCATALOG_COMPILER_GENERATE_SWIFT_ASSET_SYMBOL_EXTENSIONS = YES;
				CLANG_ANALYZER_NONNULL = YES;
				CLANG_ANALYZER_NUMBER_OBJECT_CONVERSION = YES_AGGRESSIVE;
				CLANG_CXX_LANGUAGE_STANDARD = "gnu++20";
				CLANG_ENABLE_MODULES = YES;
				CLANG_ENABLE_OBJC_ARC = YES;
				CLANG_ENABLE_OBJC_WEAK = YES;
				CLANG_WARN_BLOCK_CAPTURE_AUTORELEASING = YES;
				CLANG_WARN_BOOL_CONVERSION = YES;
				CLANG_WARN_COMMA = YES;
				CLANG_WARN_CONSTANT_CONVERSION = YES;
				CLANG_WARN_DEPRECATED_OBJC_IMPLEMENTATIONS = YES;
				CLANG_WARN_DIRECT_OBJC_ISA_USAGE = YES_ERROR;
				CLANG_WARN_DOCUMENTATION_COMMENTS = YES;
				CLANG_WARN_EMPTY_BODY = YES;
				CLANG_WARN_ENUM_CONVERSION = YES;
				CLANG_WARN_INFINITE_RECURSION = YES;
				CLANG_WARN_INT_CONVERSION = YES;
				CLANG_WARN_NON_LITERAL_NULL_CONVERSION = YES;
				CLANG_WARN_OBJC_IMPLICIT_RETAIN_SELF = YES;
				CLANG_WARN_OBJC_LITERAL_CONVERSION = YES;
				CLANG_WARN_OBJC_ROOT_CLASS = YES_ERROR;
				CLANG_WARN_QUOTED_INCLUDE_IN_FRAMEWORK_HEADER = YES;
				CLANG_WARN_RANGE_LOOP_ANALYSIS = YES;
				CLANG_WARN_STRICT_PROTOTYPES = YES;
				CLANG_WARN_SUSPICIOUS_MOVE = YES;
				CLANG_WARN_UNGUARDED_AVAILABILITY = YES_AGGRESSIVE;
				CLANG_WARN_UNREACHABLE_CODE = YES;
				CLANG_WARN__DUPLICATE_METHOD_MATCH = YES;
				COPY_PHASE_STRIP = NO;
				DEBUG_INFORMATION_FORMAT = "dwarf-with-dsym";
				ENABLE_NS_ASSERTIONS = NO;
				ENABLE_STRICT_OBJC_MSGSEND = YES;
				ENABLE_USER_SCRIPT_SANDBOXING = YES;
				GCC_C_LANGUAGE_STANDARD = gnu17;
				GCC_NO_COMMON_BLOCKS = YES;
				GCC_WARN_64_TO_32_BIT_CONVERSION = YES;
				GCC_WARN_ABOUT_RETURN_TYPE = YES_ERROR;
				GCC_WARN_UNDECLARED_SELECTOR = YES;
				GCC_WARN_UNINITIALIZED_AUTOS = YES_AGGRESSIVE;
				GCC_WARN_UNUSED_FUNCTION = YES;
				GCC_WARN_UNUSED_VARIABLE = YES;
				IPHONEOS_DEPLOYMENT_TARGET = 17.0;
				LOCALIZATION_PREFERS_STRING_CATALOGS = YES;
				MTL_ENABLE_DEBUG_INFO = NO;
				MTL_FAST_MATH = YES;
				SDKROOT = iphoneos;
				SWIFT_COMPILATION_MODE = wholemodule;
				VALIDATE_PRODUCT = YES;
			};
			name = Release;
		};
		3254BB3A2A99C0610022E7E0 /* Debug */ = {
			isa = XCBuildConfiguration;
			buildSettings = {
				ASSETCATALOG_COMPILER_APPICON_NAME = AppIcon;
				ASSETCATALOG_COMPILER_GLOBAL_ACCENT_COLOR_NAME = AccentColor;
				CODE_SIGN_STYLE = Automatic;
				CURRENT_PROJECT_VERSION = 1;
				DEVELOPMENT_ASSET_PATHS = "\"Cadaver/Preview Content\"";
				DEVELOPMENT_TEAM = 9W63WN9LG4;
				ENABLE_PREVIEWS = YES;
				GENERATE_INFOPLIST_FILE = YES;
				INFOPLIST_KEY_NSCameraUsageDescription = "Track hand gestures";
				INFOPLIST_KEY_UIApplicationSceneManifest_Generation = YES;
				INFOPLIST_KEY_UIApplicationSupportsIndirectInputEvents = YES;
				INFOPLIST_KEY_UILaunchScreen_Generation = YES;
				INFOPLIST_KEY_UISupportedInterfaceOrientations_iPad = "UIInterfaceOrientationPortrait UIInterfaceOrientationPortraitUpsideDown UIInterfaceOrientationLandscapeLeft UIInterfaceOrientationLandscapeRight";
				INFOPLIST_KEY_UISupportedInterfaceOrientations_iPhone = "UIInterfaceOrientationPortrait UIInterfaceOrientationLandscapeLeft UIInterfaceOrientationLandscapeRight";
				IPHONEOS_DEPLOYMENT_TARGET = 16;
				LD_RUNPATH_SEARCH_PATHS = (
					"$(inherited)",
					"@executable_path/Frameworks",
				);
				MARKETING_VERSION = 1.0;
				PRODUCT_BUNDLE_IDENTIFIER = app.jiachen.Cadaver;
				PRODUCT_NAME = "$(TARGET_NAME)";
				SWIFT_EMIT_LOC_STRINGS = YES;
				SWIFT_VERSION = 5.0;
				TARGETED_DEVICE_FAMILY = "1,2";
			};
			name = Debug;
		};
		3254BB3B2A99C0610022E7E0 /* Release */ = {
			isa = XCBuildConfiguration;
			buildSettings = {
				ASSETCATALOG_COMPILER_APPICON_NAME = AppIcon;
				ASSETCATALOG_COMPILER_GLOBAL_ACCENT_COLOR_NAME = AccentColor;
				CODE_SIGN_STYLE = Automatic;
				CURRENT_PROJECT_VERSION = 1;
				DEVELOPMENT_ASSET_PATHS = "\"Cadaver/Preview Content\"";
				DEVELOPMENT_TEAM = 9W63WN9LG4;
				ENABLE_PREVIEWS = YES;
				GENERATE_INFOPLIST_FILE = YES;
				INFOPLIST_KEY_NSCameraUsageDescription = "Track hand gestures";
				INFOPLIST_KEY_UIApplicationSceneManifest_Generation = YES;
				INFOPLIST_KEY_UIApplicationSupportsIndirectInputEvents = YES;
				INFOPLIST_KEY_UILaunchScreen_Generation = YES;
				INFOPLIST_KEY_UISupportedInterfaceOrientations_iPad = "UIInterfaceOrientationPortrait UIInterfaceOrientationPortraitUpsideDown UIInterfaceOrientationLandscapeLeft UIInterfaceOrientationLandscapeRight";
				INFOPLIST_KEY_UISupportedInterfaceOrientations_iPhone = "UIInterfaceOrientationPortrait UIInterfaceOrientationLandscapeLeft UIInterfaceOrientationLandscapeRight";
				IPHONEOS_DEPLOYMENT_TARGET = 16;
				LD_RUNPATH_SEARCH_PATHS = (
					"$(inherited)",
					"@executable_path/Frameworks",
				);
				MARKETING_VERSION = 1.0;
				PRODUCT_BUNDLE_IDENTIFIER = app.jiachen.Cadaver;
				PRODUCT_NAME = "$(TARGET_NAME)";
				SWIFT_EMIT_LOC_STRINGS = YES;
				SWIFT_VERSION = 5.0;
				TARGETED_DEVICE_FAMILY = "1,2";
			};
			name = Release;
		};
/* End XCBuildConfiguration section */

/* Begin XCConfigurationList section */
		3254BB262A99C05F0022E7E0 /* Build configuration list for PBXProject "Cadaver" */ = {
			isa = XCConfigurationList;
			buildConfigurations = (
				3254BB372A99C0610022E7E0 /* Debug */,
				3254BB382A99C0610022E7E0 /* Release */,
			);
			defaultConfigurationIsVisible = 0;
			defaultConfigurationName = Release;
		};
		3254BB392A99C0610022E7E0 /* Build configuration list for PBXNativeTarget "Cadaver" */ = {
			isa = XCConfigurationList;
			buildConfigurations = (
				3254BB3A2A99C0610022E7E0 /* Debug */,
				3254BB3B2A99C0610022E7E0 /* Release */,
			);
			defaultConfigurationIsVisible = 0;
			defaultConfigurationName = Release;
		};
/* End XCConfigurationList section */
	};
	rootObject = 3254BB232A99C05F0022E7E0 /* Project object */;
}
